
Microsoft Visual Studio Solution File, Format Version 12.00
# Visual Studio Version 17
VisualStudioVersion = 17.5.33627.172
MinimumVisualStudioVersion = 10.0.40219.1
Project("{9A19103F-16F7-4668-BE54-9A1E7A4F7556}") = "Autometrics.Instrumentation", "src\Autometrics.Instrumentation\Autometrics.Instrumentation.csproj", "{A220D3AC-D7FC-4CCA-BC38-F209691851C2}"
EndProject
Project("{9A19103F-16F7-4668-BE54-9A1E7A4F7556}") = "Autometrics.Samples", "src\Autometrics.Samples\Autometrics.Samples.csproj", "{5B273D22-039A-4D0E-B6AF-61C53114272C}"
EndProject
Project("{2150E333-8FDC-42A3-9474-1A3956D46DE8}") = "Solution Items", "Solution Items", "{D19D9766-72A0-4664-B7C1-966E156345F4}"
	ProjectSection(SolutionItems) = preProject
		README.md = README.md
		Testing Notes.md = Testing Notes.md
	EndProjectSection
EndProject
Global
	GlobalSection(SolutionConfigurationPlatforms) = preSolution
		Debug|Any CPU = Debug|Any CPU
		Release|Any CPU = Release|Any CPU
	EndGlobalSection
	GlobalSection(ProjectConfigurationPlatforms) = postSolution
		{A220D3AC-D7FC-4CCA-BC38-F209691851C2}.Debug|Any CPU.ActiveCfg = Debug|Any CPU
		{A220D3AC-D7FC-4CCA-BC38-F209691851C2}.Debug|Any CPU.Build.0 = Debug|Any CPU
		{A220D3AC-D7FC-4CCA-BC38-F209691851C2}.Release|Any CPU.ActiveCfg = Release|Any CPU
		{A220D3AC-D7FC-4CCA-BC38-F209691851C2}.Release|Any CPU.Build.0 = Release|Any CPU
		{5B273D22-039A-4D0E-B6AF-61C53114272C}.Debug|Any CPU.ActiveCfg = Debug|Any CPU
		{5B273D22-039A-4D0E-B6AF-61C53114272C}.Debug|Any CPU.Build.0 = Debug|Any CPU
		{5B273D22-039A-4D0E-B6AF-61C53114272C}.Release|Any CPU.ActiveCfg = Release|Any CPU
		{5B273D22-039A-4D0E-B6AF-61C53114272C}.Release|Any CPU.Build.0 = Release|Any CPU
	EndGlobalSection
	GlobalSection(SolutionProperties) = preSolution
		HideSolutionNode = FALSE
	EndGlobalSection
	GlobalSection(ExtensibilityGlobals) = postSolution
		SolutionGuid = {422C978E-1479-4996-B5D7-B494E97E3B45}
	EndGlobalSection
EndGlobal
